
Microsoft Visual Studio Solution File, Format Version 12.00
# Visual Studio Version 17
VisualStudioVersion = 17.14.37027.9
MinimumVisualStudioVersion = 10.0.40219.1
Project("{FAE04EC0-301F-11D3-BF4B-00C04F79EFBC}") = "SmartHire", "SmartHire\SmartHire.csproj", "{814864F9-E87D-417C-A008-AB72FB0447A3}"
EndProject
Project("{54435603-DBB4-11D2-8724-00A0C9A8B90C}") = "SmartHire_Setup", "SmartHire_Setup\SmartHire_Setup.vdproj", "{E14450C4-EB3A-E5C3-4BA0-804C2AFF70DF}"
EndProject
Global
	GlobalSection(SolutionConfigurationPlatforms) = preSolution
		Debug|Any CPU = Debug|Any CPU
		Release|Any CPU = Release|Any CPU
	EndGlobalSection
	GlobalSection(ProjectConfigurationPlatforms) = postSolution
		{814864F9-E87D-417C-A008-AB72FB0447A3}.Debug|Any CPU.ActiveCfg = Debug|Any CPU
		{814864F9-E87D-417C-A008-AB72FB0447A3}.Debug|Any CPU.Build.0 = Debug|Any CPU
		{814864F9-E87D-417C-A008-AB72FB0447A3}.Release|Any CPU.ActiveCfg = Release|Any CPU
		{814864F9-E87D-417C-A008-AB72FB0447A3}.Release|Any CPU.Build.0 = Release|Any CPU
		{E14450C4-EB3A-E5C3-4BA0-804C2AFF70DF}.Debug|Any CPU.ActiveCfg = Debug
		{E14450C4-EB3A-E5C3-4BA0-804C2AFF70DF}.Release|Any CPU.ActiveCfg = Release
	EndGlobalSection
	GlobalSection(SolutionProperties) = preSolution
		HideSolutionNode = FALSE
	EndGlobalSection
	GlobalSection(ExtensibilityGlobals) = postSolution
		SolutionGuid = {48C11263-497C-49EE-904E-746EFA959B5C}
	EndGlobalSection
EndGlobal
